<?xml version="1.0" encoding="utf-8"?>
<Project ToolsVersion="4.0" xmlns="http://schemas.microsoft.com/developer/msbuild/2003">
  <ItemGroup>
    <Filter Include="Source Files">
      <UniqueIdentifier>{4FC737F1-C7A5-4376-A066-2A32D752A2FF}</UniqueIdentifier>
      <Extensions>cpp;c;cc;cxx;def;odl;idl;hpj;bat;asm;asmx</Extensions>
    </Filter>
    <Filter Include="Header Files">
      <UniqueIdentifier>{93995380-89BD-4b04-88EB-625FBE52EBFB}</UniqueIdentifier>
      <Extensions>h;hpp;hxx;hm;inl;inc;xsd</Extensions>
    </Filter>
    <Filter Include="Resource Files">
      <UniqueIdentifier>{67DA6AB6-F800-4c08-8B7A-83BB121AAD01}</UniqueIdentifier>
      <Extensions>rc;ico;cur;bmp;dlg;rc2;rct;bin;rgs;gif;jpg;jpeg;jpe;resx;tiff;tif;png;wav;mfcribbon-ms</Extensions>
    </Filter>
    <Filter Include="Base">
      <UniqueIdentifier>{ab8d5ee0-8a8c-4258-9692-e7a1d915104c}</UniqueIdentifier>
    </Filter>
    <Filter Include="Base\Header Files">
      <UniqueIdentifier>{2e2abb63-d5a7-430c-841b-6d04087929bc}</UniqueIdentifier>
    </Filter>
    <Filter Include="Base\Source Files">
      <UniqueIdentifier>{c52fc5e0-4a5a-43ea-9ebd-486cec335551}</UniqueIdentifier>
    </Filter>
  </ItemGroup>
  <ItemGroup>
    <ClCompile Include="..\Basedef.cpp">
      <Filter>Base\Source Files</Filter>
    </ClCompile>
    <ClCompile Include="..\CPSock.cpp">
      <Filter>Base\Source Files</Filter>
    </ClCompile>
    <ClCompile Include="Server.cpp">
      <Filter>Source Files</Filter>
    </ClCompile>
    <ClCompile Include="CFileDB.cpp">
      <Filter>Source Files</Filter>
    </ClCompile>
    <ClCompile Include="CUser.cpp">
      <Filter>Source Files</Filter>
    </ClCompile>
    <ClCompile Include="CRanking.cpp">
      <Filter>Source Files</Filter>
    </ClCompile>
    <ClCompile Include="CReadFiles.cpp">
      <Filter>Source Files</Filter>
    </ClCompile>
  </ItemGroup>
  <ItemGroup>
    <ClInclude Include="..\CPSock.h">
      <Filter>Base\Header Files</Filter>
    </ClInclude>
    <ClInclude Include="..\Basedef.h">
      <Filter>Base\Header Files</Filter>
    </ClInclude>
    <ClInclude Include="Server.h">
      <Filter>Header Files</Filter>
    </ClInclude>
    <ClInclude Include="CFileDB.h">
      <Filter>Header Files</Filter>
    </ClInclude>
    <ClInclude Include="CUser.h">
      <Filter>Header Files</Filter>
    </ClInclude>
    <ClInclude Include="..\ItemEffect.h">
      <Filter>Base\Header Files</Filter>
    </ClInclude>
    <ClInclude Include="CRanking.h">
      <Filter>Header Files</Filter>
    </ClInclude>
    <ClInclude Include="resource.h">
      <Filter>Header Files</Filter>
    </ClInclude>
    <ClInclude Include="stdafx.h">
      <Filter>Header Files</Filter>
    </ClInclude>
    <ClInclude Include="CActivePinCode.h">
      <Filter>Header Files</Filter>
    </ClInclude>
    <ClInclude Include="CReadFiles.h">
      <Filter>Header Files</Filter>
    </ClInclude>
  </ItemGroup>
  <ItemGroup>
    <ResourceCompile Include="DBSrv.rc">
      <Filter>Resource Files</Filter>
    </ResourceCompile>
  </ItemGroup>
  <ItemGroup>
    <None Include="icon1.ico">
      <Filter>Resource Files</Filter>
    </None>
  </ItemGroup>
</Project>